<?xml version="1.0" encoding="utf-8"?>
<Project ToolsVersion="4.0" xmlns="http://schemas.microsoft.com/developer/msbuild/2003">
  <ItemGroup>
    <Filter Include="C Sources">
      <UniqueIdentifier>{dbd2ca2f-8fd5-445f-be6a-dab619ad3df2}</UniqueIdentifier>
    </Filter>
    <Filter Include="Header Files">
      <UniqueIdentifier>{7c9d3ca9-611c-4cbc-8181-0491bf8e3e87}</UniqueIdentifier>
    </Filter>
    <Filter Include="Documentation">
      <UniqueIdentifier>{630fbd87-b0d1-423c-b7af-8723a6fa786c}</UniqueIdentifier>
    </Filter>
    <Filter Include="Tests">
      <UniqueIdentifier>{a1ccb993-0257-41d6-bf0f-3614f0415074}</UniqueIdentifier>
    </Filter>
    <Filter Include="Archiving">
      <UniqueIdentifier>{b39dfdd9-aaa5-4479-8c52-8764df1d6381}</UniqueIdentifier>
    </Filter>
  </ItemGroup>
  <ItemGroup>
    <ClCompile Include="debug.c">
      <Filter>C Sources</Filter>
    </ClCompile>
    <ClCompile Include="err.c">
      <Filter>C Sources</Filter>
    </ClCompile>
    <ClCompile Include="keywords.c">
      <Filter>C Sources</Filter>
    </ClCompile>
    <ClCompile Include="lexer.c">
      <Filter>C Sources</Filter>
    </ClCompile>
    <ClCompile Include="main.c">
      <Filter>C Sources</Filter>
    </ClCompile>
    <ClCompile Include="..\pccts\support\rexpr\rexpr.c">
      <Filter>C Sources</Filter>
    </ClCompile>
    <ClCompile Include="scan.c">
      <Filter>C Sources</Filter>
    </ClCompile>
    <ClCompile Include="script.c">
      <Filter>C Sources</Filter>
    </ClCompile>
    <ClCompile Include="..\pccts\support\set\set.c">
      <Filter>C Sources</Filter>
    </ClCompile>
    <ClCompile Include="support.c">
      <Filter>C Sources</Filter>
    </ClCompile>
    <ClCompile Include="..\pccts\support\sym\sym.c">
      <Filter>C Sources</Filter>
    </ClCompile>
  </ItemGroup>
  <ItemGroup>
    <None Include="script.dsc">
      <Filter>Documentation</Filter>
    </None>
    <None Include="script.full.dsc">
      <Filter>Documentation</Filter>
    </None>
    <None Include="prof.bat">
      <Filter>Tests</Filter>
    </None>
    <None Include="sample.sc">
      <Filter>Tests</Filter>
    </None>
    <None Include="..\ARCHIVE.BAT">
      <Filter>Archiving</Filter>
    </None>
    <None Include="..\CLEANUP.BAT">
      <Filter>Archiving</Filter>
    </None>
  </ItemGroup>
  <ItemGroup>
    <ClInclude Include="..\pccts\h\antlr.h">
      <Filter>Header Files</Filter>
    </ClInclude>
    <ClInclude Include="attrib.h">
      <Filter>Header Files</Filter>
    </ClInclude>
    <ClInclude Include="..\pccts\h\dlgauto.h">
      <Filter>Header Files</Filter>
    </ClInclude>
    <ClInclude Include="..\pccts\h\dlgdef.h">
      <Filter>Header Files</Filter>
    </ClInclude>
    <ClInclude Include="..\pccts\h\err.h">
      <Filter>Header Files</Filter>
    </ClInclude>
    <ClInclude Include="mode.h">
      <Filter>Header Files</Filter>
    </ClInclude>
    <ClInclude Include="..\pccts\h\pccts_stdarg.h">
      <Filter>Header Files</Filter>
    </ClInclude>
    <ClInclude Include="..\pccts\h\pccts_stdio.h">
      <Filter>Header Files</Filter>
    </ClInclude>
    <ClInclude Include="..\pccts\h\pccts_stdlib.h">
      <Filter>Header Files</Filter>
    </ClInclude>
    <ClInclude Include="..\pccts\h\pccts_string.h">
      <Filter>Header Files</Filter>
    </ClInclude>
    <ClInclude Include="..\pccts\h\pcctscfg.h">
      <Filter>Header Files</Filter>
    </ClInclude>
    <ClInclude Include="..\pccts\support\rexpr\rexpr.h">
      <Filter>Header Files</Filter>
    </ClInclude>
    <ClInclude Include="..\pccts\support\set\set.h">
      <Filter>Header Files</Filter>
    </ClInclude>
    <ClInclude Include="stdpccts.h">
      <Filter>Header Files</Filter>
    </ClInclude>
    <ClInclude Include="sym.h">
      <Filter>Header Files</Filter>
    </ClInclude>
    <ClInclude Include="tokens.h">
      <Filter>Header Files</Filter>
    </ClInclude>
  </ItemGroup>
  <ItemGroup>
    <Text Include="bytecode_executor.txt">
      <Filter>Documentation</Filter>
    </Text>
    <Text Include="ideas.txt">
      <Filter>Documentation</Filter>
    </Text>
    <Text Include="scripting.txt">
      <Filter>Documentation</Filter>
    </Text>
  </ItemGroup>
  <ItemGroup>
    <CustomBuild Include="i_a_script.gperf">
      <Filter>C Sources</Filter>
    </CustomBuild>
    <CustomBuild Include="parser.dlg">
      <Filter>C Sources</Filter>
    </CustomBuild>
    <CustomBuild Include="script.g">
      <Filter>C Sources</Filter>
    </CustomBuild>
  </ItemGroup>
</Project>